
Microsoft Visual Studio Solution File, Format Version 12.00
# Visual Studio Version 17
VisualStudioVersion = 17.14.36408.4
MinimumVisualStudioVersion = 10.0.40219.1
Project("{FAE04EC0-301F-11D3-BF4B-00C04F79EFBC}") = "MisTrace.ApiService", "MisTrace.ApiService\MisTrace.ApiService.csproj", "{F7CAE133-88AA-8DB3-F9C5-16241E9880C5}"
EndProject
Project("{FAE04EC0-301F-11D3-BF4B-00C04F79EFBC}") = "MisTrace.Tests", "MisTrace.Tests\MisTrace.Tests.csproj", "{2442FF88-4435-6097-DC55-A6DA94FE3FE6}"
EndProject
Project("{FAE04EC0-301F-11D3-BF4B-00C04F79EFBC}") = "MisTrace.Domain", "MisTrace.Domain\MisTrace.Domain.csproj", "{7FC86C96-2FB3-409C-9639-474EE4F9FDCE}"
EndProject
Project("{FAE04EC0-301F-11D3-BF4B-00C04F79EFBC}") = "MisTrace.Infrastructure", "MisTrace.Infrastructure\MisTrace.Infrastructure.csproj", "{8A8BD222-B5E5-4009-BBAA-E87A6E64EB90}"
EndProject
Project("{FAE04EC0-301F-11D3-BF4B-00C04F79EFBC}") = "MisTrace.Application", "MisTrace.Application\MisTrace.Application.csproj", "{F252F15F-89F2-4E47-86C6-D5FDE183B494}"
EndProject
Global
	GlobalSection(SolutionConfigurationPlatforms) = preSolution
		Debug|Any CPU = Debug|Any CPU
		Debug|x64 = Debug|x64
		Debug|x86 = Debug|x86
		Release|Any CPU = Release|Any CPU
		Release|x64 = Release|x64
		Release|x86 = Release|x86
	EndGlobalSection
	GlobalSection(ProjectConfigurationPlatforms) = postSolution
		{F7CAE133-88AA-8DB3-F9C5-16241E9880C5}.Debug|Any CPU.ActiveCfg = Debug|Any CPU
		{F7CAE133-88AA-8DB3-F9C5-16241E9880C5}.Debug|Any CPU.Build.0 = Debug|Any CPU
		{F7CAE133-88AA-8DB3-F9C5-16241E9880C5}.Debug|x64.ActiveCfg = Debug|Any CPU
		{F7CAE133-88AA-8DB3-F9C5-16241E9880C5}.Debug|x64.Build.0 = Debug|Any CPU
		{F7CAE133-88AA-8DB3-F9C5-16241E9880C5}.Debug|x86.ActiveCfg = Debug|Any CPU
		{F7CAE133-88AA-8DB3-F9C5-16241E9880C5}.Debug|x86.Build.0 = Debug|Any CPU
		{F7CAE133-88AA-8DB3-F9C5-16241E9880C5}.Release|Any CPU.ActiveCfg = Release|Any CPU
		{F7CAE133-88AA-8DB3-F9C5-16241E9880C5}.Release|Any CPU.Build.0 = Release|Any CPU
		{F7CAE133-88AA-8DB3-F9C5-16241E9880C5}.Release|x64.ActiveCfg = Release|Any CPU
		{F7CAE133-88AA-8DB3-F9C5-16241E9880C5}.Release|x64.Build.0 = Release|Any CPU
		{F7CAE133-88AA-8DB3-F9C5-16241E9880C5}.Release|x86.ActiveCfg = Release|Any CPU
		{F7CAE133-88AA-8DB3-F9C5-16241E9880C5}.Release|x86.Build.0 = Release|Any CPU
		{2442FF88-4435-6097-DC55-A6DA94FE3FE6}.Debug|Any CPU.ActiveCfg = Debug|Any CPU
		{2442FF88-4435-6097-DC55-A6DA94FE3FE6}.Debug|Any CPU.Build.0 = Debug|Any CPU
		{2442FF88-4435-6097-DC55-A6DA94FE3FE6}.Debug|x64.ActiveCfg = Debug|Any CPU
		{2442FF88-4435-6097-DC55-A6DA94FE3FE6}.Debug|x64.Build.0 = Debug|Any CPU
		{2442FF88-4435-6097-DC55-A6DA94FE3FE6}.Debug|x86.ActiveCfg = Debug|Any CPU
		{2442FF88-4435-6097-DC55-A6DA94FE3FE6}.Debug|x86.Build.0 = Debug|Any CPU
		{2442FF88-4435-6097-DC55-A6DA94FE3FE6}.Release|Any CPU.ActiveCfg = Release|Any CPU
		{2442FF88-4435-6097-DC55-A6DA94FE3FE6}.Release|Any CPU.Build.0 = Release|Any CPU
		{2442FF88-4435-6097-DC55-A6DA94FE3FE6}.Release|x64.ActiveCfg = Release|Any CPU
		{2442FF88-4435-6097-DC55-A6DA94FE3FE6}.Release|x64.Build.0 = Release|Any CPU
		{2442FF88-4435-6097-DC55-A6DA94FE3FE6}.Release|x86.ActiveCfg = Release|Any CPU
		{2442FF88-4435-6097-DC55-A6DA94FE3FE6}.Release|x86.Build.0 = Release|Any CPU
		{7FC86C96-2FB3-409C-9639-474EE4F9FDCE}.Debug|Any CPU.ActiveCfg = Debug|Any CPU
		{7FC86C96-2FB3-409C-9639-474EE4F9FDCE}.Debug|Any CPU.Build.0 = Debug|Any CPU
		{7FC86C96-2FB3-409C-9639-474EE4F9FDCE}.Debug|x64.ActiveCfg = Debug|Any CPU
		{7FC86C96-2FB3-409C-9639-474EE4F9FDCE}.Debug|x64.Build.0 = Debug|Any CPU
		{7FC86C96-2FB3-409C-9639-474EE4F9FDCE}.Debug|x86.ActiveCfg = Debug|Any CPU
		{7FC86C96-2FB3-409C-9639-474EE4F9FDCE}.Debug|x86.Build.0 = Debug|Any CPU
		{7FC86C96-2FB3-409C-9639-474EE4F9FDCE}.Release|Any CPU.ActiveCfg = Release|Any CPU
		{7FC86C96-2FB3-409C-9639-474EE4F9FDCE}.Release|Any CPU.Build.0 = Release|Any CPU
		{7FC86C96-2FB3-409C-9639-474EE4F9FDCE}.Release|x64.ActiveCfg = Release|Any CPU
		{7FC86C96-2FB3-409C-9639-474EE4F9FDCE}.Release|x64.Build.0 = Release|Any CPU
		{7FC86C96-2FB3-409C-9639-474EE4F9FDCE}.Release|x86.ActiveCfg = Release|Any CPU
		{7FC86C96-2FB3-409C-9639-474EE4F9FDCE}.Release|x86.Build.0 = Release|Any CPU
		{8A8BD222-B5E5-4009-BBAA-E87A6E64EB90}.Debug|Any CPU.ActiveCfg = Debug|Any CPU
		{8A8BD222-B5E5-4009-BBAA-E87A6E64EB90}.Debug|Any CPU.Build.0 = Debug|Any CPU
		{8A8BD222-B5E5-4009-BBAA-E87A6E64EB90}.Debug|x64.ActiveCfg = Debug|Any CPU
		{8A8BD222-B5E5-4009-BBAA-E87A6E64EB90}.Debug|x64.Build.0 = Debug|Any CPU
		{8A8BD222-B5E5-4009-BBAA-E87A6E64EB90}.Debug|x86.ActiveCfg = Debug|Any CPU
		{8A8BD222-B5E5-4009-BBAA-E87A6E64EB90}.Debug|x86.Build.0 = Debug|Any CPU
		{8A8BD222-B5E5-4009-BBAA-E87A6E64EB90}.Release|Any CPU.ActiveCfg = Release|Any CPU
		{8A8BD222-B5E5-4009-BBAA-E87A6E64EB90}.Release|Any CPU.Build.0 = Release|Any CPU
		{8A8BD222-B5E5-4009-BBAA-E87A6E64EB90}.Release|x64.ActiveCfg = Release|Any CPU
		{8A8BD222-B5E5-4009-BBAA-E87A6E64EB90}.Release|x64.Build.0 = Release|Any CPU
		{8A8BD222-B5E5-4009-BBAA-E87A6E64EB90}.Release|x86.ActiveCfg = Release|Any CPU
		{8A8BD222-B5E5-4009-BBAA-E87A6E64EB90}.Release|x86.Build.0 = Release|Any CPU
		{F252F15F-89F2-4E47-86C6-D5FDE183B494}.Debug|Any CPU.ActiveCfg = Debug|Any CPU
		{F252F15F-89F2-4E47-86C6-D5FDE183B494}.Debug|Any CPU.Build.0 = Debug|Any CPU
		{F252F15F-89F2-4E47-86C6-D5FDE183B494}.Debug|x64.ActiveCfg = Debug|Any CPU
		{F252F15F-89F2-4E47-86C6-D5FDE183B494}.Debug|x64.Build.0 = Debug|Any CPU
		{F252F15F-89F2-4E47-86C6-D5FDE183B494}.Debug|x86.ActiveCfg = Debug|Any CPU
		{F252F15F-89F2-4E47-86C6-D5FDE183B494}.Debug|x86.Build.0 = Debug|Any CPU
		{F252F15F-89F2-4E47-86C6-D5FDE183B494}.Release|Any CPU.ActiveCfg = Release|Any CPU
		{F252F15F-89F2-4E47-86C6-D5FDE183B494}.Release|Any CPU.Build.0 = Release|Any CPU
		{F252F15F-89F2-4E47-86C6-D5FDE183B494}.Release|x64.ActiveCfg = Release|Any CPU
		{F252F15F-89F2-4E47-86C6-D5FDE183B494}.Release|x64.Build.0 = Release|Any CPU
		{F252F15F-89F2-4E47-86C6-D5FDE183B494}.Release|x86.ActiveCfg = Release|Any CPU
		{F252F15F-89F2-4E47-86C6-D5FDE183B494}.Release|x86.Build.0 = Release|Any CPU
	EndGlobalSection
	GlobalSection(SolutionProperties) = preSolution
		HideSolutionNode = FALSE
	EndGlobalSection
	GlobalSection(ExtensibilityGlobals) = postSolution
		SolutionGuid = {224DA156-416A-487C-BDC0-C087CCBCA352}
	EndGlobalSection
EndGlobal
